{
  "name": "cicumikuji",
  "version": "1.0.2",
  "lockfileVersion": 1,
  "requires": true,
  "dependencies": {
    "@types/trusted-types": {
      "version": "2.0.2",
      "resolved": "https://registry.npmjs.org/@types/trusted-types/-/trusted-types-2.0.2.tgz",
      "integrity": "sha512-F5DIZ36YVLE+PN+Zwws4kJogq47hNgX3Nx6WyDJ3kcplxyke3XIzB8uK5n/Lpm1HBsbGzd6nmGehL8cPekP+Tg=="
    },
    "fsevents": {
      "version": "2.3.2",
      "resolved": "https://registry.npmjs.org/fsevents/-/fsevents-2.3.2.tgz",
      "integrity": "sha512-xiqMQR4xAeHTuB9uWm+fFRcIOgKBMiOBP+eXiyT7jsgVCq1bkVygt00oASowB7EdtpOHaaPgKt812P9ab+DDKA==",
      "dev": true,
      "optional": true
    },
    "goober": {
      "version": "2.1.0",
      "resolved": "https://registry.npmjs.org/goober/-/goober-2.1.0.tgz",
      "integrity": "sha512-UdKKZ1boKFaJWlQYlHlp/1jpnrZIkfYWM0zuyQTY7tF9Cs+uHDlQk1kB5vexmZssw4R8iLMjmVUd0wKcaweGfQ=="
    },
    "idb": {
      "version": "6.1.5",
      "resolved": "https://registry.npmjs.org/idb/-/idb-6.1.5.tgz",
      "integrity": "sha512-IJtugpKkiVXQn5Y+LteyBCNk1N8xpGV3wWZk9EVtZWH8DYkjBn0bX1XnGP9RkyZF0sAcywa6unHqSWKe7q4LGw=="
    },
    "idb-keyval": {
      "version": "6.0.3",
      "resolved": "https://registry.npmjs.org/idb-keyval/-/idb-keyval-6.0.3.tgz",
      "integrity": "sha512-yh8V7CnE6EQMu9YDwQXhRxwZh4nv+8xm/HV4ZqK4IiYFJBWYGjJuykADJbSP+F/GDXUBwCSSNn/14IpGL81TuA==",
      "requires": {
        "safari-14-idb-fix": "^3.0.0"
      }
    },
    "ky": {
      "version": "0.28.7",
      "resolved": "https://registry.npmjs.org/ky/-/ky-0.28.7.tgz",
      "integrity": "sha512-a23i6qSr/ep15vdtw/zyEQIDLoUaKDg9Jf04CYl/0ns/wXNYna26zJpI+MeIFaPeDvkrjLPrKtKOiiI3IE53RQ=="
    },
    "nosleep.js": {
      "version": "0.12.0",
      "resolved": "https://registry.npmjs.org/nosleep.js/-/nosleep.js-0.12.0.tgz",
      "integrity": "sha512-9d1HbpKLh3sdWlhXMhU6MMH+wQzKkrgfRkYV0EBdvt99YJfj0ilCJrWRDYG2130Tm4GXbEoTCx5b34JSaP+HhA=="
    },
    "preact": {
      "version": "10.6.2",
      "resolved": "https://registry.npmjs.org/preact/-/preact-10.6.2.tgz",
      "integrity": "sha512-ppDjurt75nSxyikpyali+uKwRl8CK9N6ntOPovGIEGQagjMLVzEgVqFEsUUyUrqyE9Ch90KE0jmFc9q2QcPLBA=="
    },
    "prettier": {
      "version": "2.5.0",
      "resolved": "https://registry.npmjs.org/prettier/-/prettier-2.5.0.tgz",
      "integrity": "sha512-FM/zAKgWTxj40rH03VxzIPdXmj39SwSjwG0heUcNFwI+EMZJnY93yAiKXM3dObIKAM5TA88werc8T/EwhB45eg==",
      "dev": true
    },
    "rollup": {
      "version": "2.60.2",
      "resolved": "https://registry.npmjs.org/rollup/-/rollup-2.60.2.tgz",
      "integrity": "sha512-1Bgjpq61sPjgoZzuiDSGvbI1tD91giZABgjCQBKM5aYLnzjq52GoDuWVwT/cm/MCxCMPU8gqQvkj8doQ5C8Oqw==",
      "dev": true,
      "requires": {
        "fsevents": "~2.3.2"
      }
    },
    "safari-14-idb-fix": {
      "version": "3.0.0",
      "resolved": "https://registry.npmjs.org/safari-14-idb-fix/-/safari-14-idb-fix-3.0.0.tgz",
      "integrity": "sha512-eBNFLob4PMq8JA1dGyFn6G97q3/WzNtFK4RnzT1fnLq+9RyrGknzYiM/9B12MnKAxuj1IXr7UKYtTNtjyKMBog=="
    },
    "shake.js": {
      "version": "1.2.2",
      "resolved": "https://registry.npmjs.org/shake.js/-/shake.js-1.2.2.tgz",
      "integrity": "sha1-sqxWCoKr5o14oCliOnCI4bMLrP8="
    },
    "wmr": {
      "version": "3.7.2",
      "resolved": "https://registry.npmjs.org/wmr/-/wmr-3.7.2.tgz",
      "integrity": "sha512-i+e/T8J067qP2pBgq6E2gaW9qMGK+D9eGue85YM0Vflc2UuzXBP3fSS5PzvyHEKuPHZWmcFBmZRs6DU9Lkr9og==",
      "dev": true,
      "requires": {
        "fsevents": "^2.1.3"
      }
    },
    "workbox-cacheable-response": {
      "version": "6.4.2",
      "resolved": "https://registry.npmjs.org/workbox-cacheable-response/-/workbox-cacheable-response-6.4.2.tgz",
      "integrity": "sha512-9FE1W/cKffk1AJzImxgEN0ceWpyz1tqNjZVtA3/LAvYL3AC5SbIkhc7ZCO82WmO9IjTfu8Vut2X/C7ViMSF7TA==",
      "requires": {
        "workbox-core": "6.4.2"
      }
    },
    "workbox-core": {
      "version": "6.4.2",
      "resolved": "https://registry.npmjs.org/workbox-core/-/workbox-core-6.4.2.tgz",
      "integrity": "sha512-1U6cdEYPcajRXiboSlpJx6U7TvhIKbxRRerfepAJu2hniKwJ3DHILjpU/zx3yvzSBCWcNJDoFalf7Vgd7ey/rw=="
    },
    "workbox-expiration": {
      "version": "6.4.2",
      "resolved": "https://registry.npmjs.org/workbox-expiration/-/workbox-expiration-6.4.2.tgz",
      "integrity": "sha512-0hbpBj0tDnW+DZOUmwZqntB/8xrXOgO34i7s00Si/VlFJvvpRKg1leXdHHU8ykoSBd6+F2KDcMP3swoCi5guLw==",
      "requires": {
        "idb": "^6.1.4",
        "workbox-core": "6.4.2"
      }
    },
    "workbox-precaching": {
      "version": "6.4.2",
      "resolved": "https://registry.npmjs.org/workbox-precaching/-/workbox-precaching-6.4.2.tgz",
      "integrity": "sha512-CZ6uwFN/2wb4noHVlALL7UqPFbLfez/9S2GAzGAb0Sk876ul9ukRKPJJ6gtsxfE2HSTwqwuyNVa6xWyeyJ1XSA==",
      "requires": {
        "workbox-core": "6.4.2",
        "workbox-routing": "6.4.2",
        "workbox-strategies": "6.4.2"
      }
    },
    "workbox-recipes": {
      "version": "6.4.2",
      "resolved": "https://registry.npmjs.org/workbox-recipes/-/workbox-recipes-6.4.2.tgz",
      "integrity": "sha512-/oVxlZFpAjFVbY+3PoGEXe8qyvtmqMrTdWhbOfbwokNFtUZ/JCtanDKgwDv9x3AebqGAoJRvQNSru0F4nG+gWA==",
      "requires": {
        "workbox-cacheable-response": "6.4.2",
        "workbox-core": "6.4.2",
        "workbox-expiration": "6.4.2",
        "workbox-precaching": "6.4.2",
        "workbox-routing": "6.4.2",
        "workbox-strategies": "6.4.2"
      }
    },
    "workbox-routing": {
      "version": "6.4.2",
      "resolved": "https://registry.npmjs.org/workbox-routing/-/workbox-routing-6.4.2.tgz",
      "integrity": "sha512-0ss/n9PAcHjTy4Ad7l2puuod4WtsnRYu9BrmHcu6Dk4PgWeJo1t5VnGufPxNtcuyPGQ3OdnMdlmhMJ57sSrrSw==",
      "requires": {
        "workbox-core": "6.4.2"
      }
    },
    "workbox-strategies": {
      "version": "6.4.2",
      "resolved": "https://registry.npmjs.org/workbox-strategies/-/workbox-strategies-6.4.2.tgz",
      "integrity": "sha512-YXh9E9dZGEO1EiPC3jPe2CbztO5WT8Ruj8wiYZM56XqEJp5YlGTtqRjghV+JovWOqkWdR+amJpV31KPWQUvn1Q==",
      "requires": {
        "workbox-core": "6.4.2"
      }
    },
    "workbox-window": {
      "version": "6.4.2",
      "resolved": "https://registry.npmjs.org/workbox-window/-/workbox-window-6.4.2.tgz",
      "integrity": "sha512-KVyRKmrJg7iB+uym/B/CnEUEFG9CvnTU1Bq5xpXHbtgD9l+ShDekSl1wYpqw/O0JfeeQVOFb8CiNfvnwWwqnWQ==",
      "requires": {
        "@types/trusted-types": "^2.0.2",
        "workbox-core": "6.4.2"
      }
    }
  }
}
