{
  "name": "cicugram",
  "version": "1.0.0",
  "lockfileVersion": 1,
  "requires": true,
  "dependencies": {
    "fsevents": {
      "version": "2.3.2",
      "resolved": "https://registry.npmjs.org/fsevents/-/fsevents-2.3.2.tgz",
      "integrity": "sha512-xiqMQR4xAeHTuB9uWm+fFRcIOgKBMiOBP+eXiyT7jsgVCq1bkVygt00oASowB7EdtpOHaaPgKt812P9ab+DDKA==",
      "dev": true,
      "optional": true
    },
    "goober": {
      "version": "2.0.33",
      "resolved": "https://registry.npmjs.org/goober/-/goober-2.0.33.tgz",
      "integrity": "sha512-Wy9HYzmmqmB1PTMQCY3+hlREZ4Lk7kaac6PZeWlJxOM6lIO9lsrU2yBu33TiougO0AC6bBxxIVueDP+nEGNWJw=="
    },
    "idb-keyval": {
      "version": "5.0.4",
      "resolved": "https://registry.npmjs.org/idb-keyval/-/idb-keyval-5.0.4.tgz",
      "integrity": "sha512-qS0kplHuadZujoE90ze0NUkhW0/Fbfib7d+mYNMXNEn45NSh2NWY3fBewoX4GZUsKkGHBgc8JiAwMx0zrfL3LQ=="
    },
    "ky": {
      "version": "0.27.0",
      "resolved": "https://registry.npmjs.org/ky/-/ky-0.27.0.tgz",
      "integrity": "sha512-pgaBuB6wI9DdMSOZBVh2WkcbkAdEG5AUEWuNhtThu6FLIpDbzqzC/fSMmqr/j1wwQyW3SP3KGau7EbzWNkQ/yg=="
    },
    "preact": {
      "version": "10.5.12",
      "resolved": "https://registry.npmjs.org/preact/-/preact-10.5.12.tgz",
      "integrity": "sha512-r6siDkuD36oszwlCkcqDJCAKBQxGoeEGytw2DGMD5A/GGdu5Tymw+N2OBXwvOLxg6d1FeY8MgMV3cc5aVQo4Cg=="
    },
    "prettier": {
      "version": "2.2.1",
      "resolved": "https://registry.npmjs.org/prettier/-/prettier-2.2.1.tgz",
      "integrity": "sha512-PqyhM2yCjg/oKkFPtTGUojv7gnZAoG80ttl45O6x2Ug/rMJw4wcc9k6aaf2hibP7BGVCCM33gZoGjyvt9mm16Q==",
      "dev": true
    },
    "rollup": {
      "version": "2.41.2",
      "resolved": "https://registry.npmjs.org/rollup/-/rollup-2.41.2.tgz",
      "integrity": "sha512-6u8fJJXJx6fmvKrAC9DHYZgONvSkz8S9b/VFBjoQ6dkKdHyPpPbpqiNl2Bao9XBzDHpq672X6sGZ9G1ZBqAHMg==",
      "dev": true,
      "requires": {
        "fsevents": "~2.3.1"
      }
    },
    "shake.js": {
      "version": "1.2.2",
      "resolved": "https://registry.npmjs.org/shake.js/-/shake.js-1.2.2.tgz",
      "integrity": "sha1-sqxWCoKr5o14oCliOnCI4bMLrP8="
    },
    "wmr": {
      "version": "1.3.2",
      "resolved": "https://registry.npmjs.org/wmr/-/wmr-1.3.2.tgz",
      "integrity": "sha512-XOj9OXpQ9LsZJPQSdo5poiielifmXMp3QF2DxFdmu01LxT0ohd6iqPi9Qj3eqExH3O9srD1yG/HOwxQRAly0Wg==",
      "dev": true,
      "requires": {
        "fsevents": "^2.1.3"
      }
    },
    "workbox-cacheable-response": {
      "version": "6.1.1",
      "resolved": "https://registry.npmjs.org/workbox-cacheable-response/-/workbox-cacheable-response-6.1.1.tgz",
      "integrity": "sha512-jasNxelRrqCbzIAIMjHk7Ej9BOViBTQlvRJzv3Y0nYuWvxK0CDPQJSraGmTbu3LGiTBbrWEmxe1hVqvLyFKR9A==",
      "requires": {
        "workbox-core": "^6.1.1"
      }
    },
    "workbox-core": {
      "version": "6.1.1",
      "resolved": "https://registry.npmjs.org/workbox-core/-/workbox-core-6.1.1.tgz",
      "integrity": "sha512-xsc/72AQxFtt2BHmwU8QtnVV+W5ln4nnYGuz9Q5sPWYGqW4cH0P+FpZDoGM59bmNEyNf+W9bEmidW//e5GsbwQ=="
    },
    "workbox-expiration": {
      "version": "6.1.1",
      "resolved": "https://registry.npmjs.org/workbox-expiration/-/workbox-expiration-6.1.1.tgz",
      "integrity": "sha512-WbEv8NG1ZUiWI+jv3v7Jqed/PyCMoTpLcf3Nw7tKq0nGy6DFQtmSizO37uJ73oc8vttck97UBPQRiwyP1bZnAg==",
      "requires": {
        "workbox-core": "^6.1.1"
      }
    },
    "workbox-precaching": {
      "version": "6.1.1",
      "resolved": "https://registry.npmjs.org/workbox-precaching/-/workbox-precaching-6.1.1.tgz",
      "integrity": "sha512-x8OKwtjd5ewe/x3VlKcXri1P3Tm0uV+uChdMYg/QryrCR9K8x9xwhAw8PZPkwrY0bLLsJMUoX9/lBu8DmjVqTA==",
      "requires": {
        "workbox-core": "^6.1.1",
        "workbox-routing": "^6.1.1",
        "workbox-strategies": "^6.1.1"
      }
    },
    "workbox-recipes": {
      "version": "6.1.1",
      "resolved": "https://registry.npmjs.org/workbox-recipes/-/workbox-recipes-6.1.1.tgz",
      "integrity": "sha512-GuzJXBQM+YaFxQwFvcRarAScUoRDoaWXKxxkLWHnCJf0H//MQ8zR9Ay1mv21N6iRoSH11S0u/4yxSeembG/fLA==",
      "requires": {
        "workbox-cacheable-response": "^6.1.1",
        "workbox-core": "^6.1.1",
        "workbox-expiration": "^6.1.1",
        "workbox-precaching": "^6.1.1",
        "workbox-routing": "^6.1.1",
        "workbox-strategies": "^6.1.1"
      }
    },
    "workbox-routing": {
      "version": "6.1.1",
      "resolved": "https://registry.npmjs.org/workbox-routing/-/workbox-routing-6.1.1.tgz",
      "integrity": "sha512-Az3Gt3cHNK+W0gTfSb4eKGfwEap9Slak16Krr5SiLhE1gXUY2C2O123HucVCedXgIoqTLOXMtNj71Cm6SwYDEg==",
      "requires": {
        "workbox-core": "^6.1.1"
      }
    },
    "workbox-strategies": {
      "version": "6.1.1",
      "resolved": "https://registry.npmjs.org/workbox-strategies/-/workbox-strategies-6.1.1.tgz",
      "integrity": "sha512-7qYA9Eiq6hnP2dyenlD7ZtWI1ArBMT8yhTvHVlaOl9kYY7W+Iv3lAfRCjj/nucOKeVXATx4iVJEuFPn5J+8lzw==",
      "requires": {
        "workbox-core": "^6.1.1"
      }
    }
  }
}
