{
  "name": "cicumikuji",
  "version": "1.0.2",
  "lockfileVersion": 1,
  "requires": true,
  "dependencies": {
    "fsevents": {
      "version": "2.3.2",
      "resolved": "https://registry.npmjs.org/fsevents/-/fsevents-2.3.2.tgz",
      "integrity": "sha512-xiqMQR4xAeHTuB9uWm+fFRcIOgKBMiOBP+eXiyT7jsgVCq1bkVygt00oASowB7EdtpOHaaPgKt812P9ab+DDKA==",
      "dev": true,
      "optional": true
    },
    "goober": {
      "version": "2.0.38",
      "resolved": "https://registry.npmjs.org/goober/-/goober-2.0.38.tgz",
      "integrity": "sha512-oGrP8xMB3k6EEcEAuKstd05r0JRFs8L9ouPCTKxupu85PdDJ443LTCXvxRVMeYN6pVhV6htVb7FaKTk5JlFzCQ=="
    },
    "idb-keyval": {
      "version": "5.0.4",
      "resolved": "https://registry.npmjs.org/idb-keyval/-/idb-keyval-5.0.4.tgz",
      "integrity": "sha512-qS0kplHuadZujoE90ze0NUkhW0/Fbfib7d+mYNMXNEn45NSh2NWY3fBewoX4GZUsKkGHBgc8JiAwMx0zrfL3LQ=="
    },
    "ky": {
      "version": "0.27.0",
      "resolved": "https://registry.npmjs.org/ky/-/ky-0.27.0.tgz",
      "integrity": "sha512-pgaBuB6wI9DdMSOZBVh2WkcbkAdEG5AUEWuNhtThu6FLIpDbzqzC/fSMmqr/j1wwQyW3SP3KGau7EbzWNkQ/yg=="
    },
    "nosleep.js": {
      "version": "0.12.0",
      "resolved": "https://registry.npmjs.org/nosleep.js/-/nosleep.js-0.12.0.tgz",
      "integrity": "sha512-9d1HbpKLh3sdWlhXMhU6MMH+wQzKkrgfRkYV0EBdvt99YJfj0ilCJrWRDYG2130Tm4GXbEoTCx5b34JSaP+HhA=="
    },
    "preact": {
      "version": "10.5.13",
      "resolved": "https://registry.npmjs.org/preact/-/preact-10.5.13.tgz",
      "integrity": "sha512-q/vlKIGNwzTLu+jCcvywgGrt+H/1P/oIRSD6mV4ln3hmlC+Aa34C7yfPI4+5bzW8pONyVXYS7SvXosy2dKKtWQ=="
    },
    "prettier": {
      "version": "2.2.1",
      "resolved": "https://registry.npmjs.org/prettier/-/prettier-2.2.1.tgz",
      "integrity": "sha512-PqyhM2yCjg/oKkFPtTGUojv7gnZAoG80ttl45O6x2Ug/rMJw4wcc9k6aaf2hibP7BGVCCM33gZoGjyvt9mm16Q==",
      "dev": true
    },
    "rollup": {
      "version": "2.42.1",
      "resolved": "https://registry.npmjs.org/rollup/-/rollup-2.42.1.tgz",
      "integrity": "sha512-/y7M2ULg06JOXmMpPzhTeQroJSchy8lX8q6qrjqil0jmLz6ejCWbQzVnWTsdmMQRhfU0QcwtiW8iZlmrGXWV4g==",
      "dev": true,
      "requires": {
        "fsevents": "~2.3.1"
      }
    },
    "shake.js": {
      "version": "1.2.2",
      "resolved": "https://registry.npmjs.org/shake.js/-/shake.js-1.2.2.tgz",
      "integrity": "sha1-sqxWCoKr5o14oCliOnCI4bMLrP8="
    },
    "wmr": {
      "version": "1.3.2",
      "resolved": "https://registry.npmjs.org/wmr/-/wmr-1.3.2.tgz",
      "integrity": "sha512-XOj9OXpQ9LsZJPQSdo5poiielifmXMp3QF2DxFdmu01LxT0ohd6iqPi9Qj3eqExH3O9srD1yG/HOwxQRAly0Wg==",
      "dev": true,
      "requires": {
        "fsevents": "^2.1.3"
      }
    },
    "workbox-cacheable-response": {
      "version": "6.1.2",
      "resolved": "https://registry.npmjs.org/workbox-cacheable-response/-/workbox-cacheable-response-6.1.2.tgz",
      "integrity": "sha512-zSTQWJU+CBHC90N/Dccb9n0IzbTsmnl28usKOlVYbfHS5wit3izpD7djqqHzgzyS+gdemRjY4s02VV9WvyeD1w==",
      "requires": {
        "workbox-core": "^6.1.2"
      }
    },
    "workbox-core": {
      "version": "6.1.2",
      "resolved": "https://registry.npmjs.org/workbox-core/-/workbox-core-6.1.2.tgz",
      "integrity": "sha512-69rch7EyPsNAx5Y5YlSoHV39/EEE1oDeb5zmLIy6+mgB4BnaG6u/tlDtvjvKqHcPM0gz2L5SzYtTEvWmk5WRTQ=="
    },
    "workbox-expiration": {
      "version": "6.1.2",
      "resolved": "https://registry.npmjs.org/workbox-expiration/-/workbox-expiration-6.1.2.tgz",
      "integrity": "sha512-86cXz8Ae5cAJMgJ6aD/8E1NMNON4qGnE4ir1G3VuOu1xLsx2ItbbXmz6b0BB2dZ+kX6BDwqE0wkgS5As5Sds7g==",
      "requires": {
        "workbox-core": "^6.1.2"
      }
    },
    "workbox-precaching": {
      "version": "6.1.2",
      "resolved": "https://registry.npmjs.org/workbox-precaching/-/workbox-precaching-6.1.2.tgz",
      "integrity": "sha512-jGwv6tMdIecsyBSdVCgXoD7bHxLRI972lvYOfvcosGjP3oFKe8p2DVPsn3TIzEVYTl+b3j59utC7yrOP9oEHSg==",
      "requires": {
        "workbox-core": "^6.1.2",
        "workbox-routing": "^6.1.2",
        "workbox-strategies": "^6.1.2"
      }
    },
    "workbox-recipes": {
      "version": "6.1.2",
      "resolved": "https://registry.npmjs.org/workbox-recipes/-/workbox-recipes-6.1.2.tgz",
      "integrity": "sha512-KT9qome7svIajmXP6/4kmZYr8UzWua6MO2GIeM0Th+mr28WzrHfw2iCeo3362hCW/yMiNMlP5uuXiqsaFxUjHg==",
      "requires": {
        "workbox-cacheable-response": "^6.1.2",
        "workbox-core": "^6.1.2",
        "workbox-expiration": "^6.1.2",
        "workbox-precaching": "^6.1.2",
        "workbox-routing": "^6.1.2",
        "workbox-strategies": "^6.1.2"
      }
    },
    "workbox-routing": {
      "version": "6.1.2",
      "resolved": "https://registry.npmjs.org/workbox-routing/-/workbox-routing-6.1.2.tgz",
      "integrity": "sha512-aRcqO+KX9A0J5W6hEeEpGhT6Lesqd3WfgaqlSD5LRajm0vAgYnlQzY37w6uC55Ev7M5Gh/xg0lA99qKc6ozsEA==",
      "requires": {
        "workbox-core": "^6.1.2"
      }
    },
    "workbox-strategies": {
      "version": "6.1.2",
      "resolved": "https://registry.npmjs.org/workbox-strategies/-/workbox-strategies-6.1.2.tgz",
      "integrity": "sha512-IX7UNePHmmfb1dcXSxgcephYShnLc0pmP3MRT/TZGjv8f0qcZYH7Sr/lTmwaxGXQL8yCSCrQICZwJnHLw2G5Ng==",
      "requires": {
        "workbox-core": "^6.1.2"
      }
    },
    "workbox-window": {
      "version": "6.1.2",
      "resolved": "https://registry.npmjs.org/workbox-window/-/workbox-window-6.1.2.tgz",
      "integrity": "sha512-SXOAv56PWHzLhJcyQGPio1OXGzSza814lc2D42+go8CmeNIJDb03nzUi1FGMF4Tt1F7h5q8IYzq5bPQLTZ7IKQ==",
      "requires": {
        "workbox-core": "^6.1.2"
      }
    }
  }
}
